
Microsoft Visual Studio Solution File, Format Version 12.00
# Visual Studio Version 16
VisualStudioVersion = 16.0.29306.81
MinimumVisualStudioVersion = 10.0.40219.1
Project("{9A19103F-16F7-4668-BE54-9A1E7A4F7556}") = "Core.Signalr.Template.Web", "Core.Signalr.Template.Web\Core.Signalr.Template.Web.csproj", "{039502D4-C939-4877-ADF9-37D7E3249F16}"
EndProject
Project("{9A19103F-16F7-4668-BE54-9A1E7A4F7556}") = "Core.Signalr.Template.Client", "Core.Signalr.Template.Client\Core.Signalr.Template.Client.csproj", "{BCCCE068-7279-4616-B63B-4832E5844FB8}"
EndProject
Global
	GlobalSection(SolutionConfigurationPlatforms) = preSolution
		Debug|Any CPU = Debug|Any CPU
		Release|Any CPU = Release|Any CPU
	EndGlobalSection
	GlobalSection(ProjectConfigurationPlatforms) = postSolution
		{039502D4-C939-4877-ADF9-37D7E3249F16}.Debug|Any CPU.ActiveCfg = Debug|Any CPU
		{039502D4-C939-4877-ADF9-37D7E3249F16}.Debug|Any CPU.Build.0 = Debug|Any CPU
		{039502D4-C939-4877-ADF9-37D7E3249F16}.Release|Any CPU.ActiveCfg = Release|Any CPU
		{039502D4-C939-4877-ADF9-37D7E3249F16}.Release|Any CPU.Build.0 = Release|Any CPU
		{BCCCE068-7279-4616-B63B-4832E5844FB8}.Debug|Any CPU.ActiveCfg = Debug|Any CPU
		{BCCCE068-7279-4616-B63B-4832E5844FB8}.Debug|Any CPU.Build.0 = Debug|Any CPU
		{BCCCE068-7279-4616-B63B-4832E5844FB8}.Release|Any CPU.ActiveCfg = Release|Any CPU
		{BCCCE068-7279-4616-B63B-4832E5844FB8}.Release|Any CPU.Build.0 = Release|Any CPU
	EndGlobalSection
	GlobalSection(SolutionProperties) = preSolution
		HideSolutionNode = FALSE
	EndGlobalSection
	GlobalSection(ExtensibilityGlobals) = postSolution
		SolutionGuid = {5B2531C6-44C6-4944-8EF3-2ED86110A366}
	EndGlobalSection
EndGlobal
